
Microsoft Visual Studio Solution File, Format Version 12.00
# Visual Studio 14
VisualStudioVersion = 14.0.25420.1
MinimumVisualStudioVersion = 10.0.40219.1
Project("{FAE04EC0-301F-11D3-BF4B-00C04F79EFBC}") = "NapChat.Droid", "NapChat\NapChat.Droid\NapChat.Droid.csproj", "{2A28EF35-719C-4BC2-A48D-E348B0EC910E}"
EndProject
Project("{FAE04EC0-301F-11D3-BF4B-00C04F79EFBC}") = "NapChat.iOS", "NapChat\NapChat.iOS\NapChat.iOS.csproj", "{E361507B-EEFB-4A4F-8732-E9F4F0A292BC}"
EndProject
Project("{FAE04EC0-301F-11D3-BF4B-00C04F79EFBC}") = "NapChat.WinPhone", "NapChat\NapChat.WinPhone\NapChat.WinPhone.csproj", "{0739FB4A-CD69-4627-A860-D2483A43C070}"
EndProject
Project("{FAE04EC0-301F-11D3-BF4B-00C04F79EFBC}") = "NapChat.Windows", "NapChat\NapChat.Windows\NapChat.Windows.csproj", "{D39538BC-35CD-4665-AD67-6ED469B72263}"
EndProject
Project("{D954291E-2A0B-460D-934E-DC6B0785DB48}") = "NapChat", "NapChat\NapChat\NapChat.shproj", "{E14EDB82-1C35-4CD9-9D0E-F8C505A5F83D}"
EndProject
Global
	GlobalSection(SharedMSBuildProjectFiles) = preSolution
		NapChat\NapChat\NapChat.projitems*{0739fb4a-cd69-4627-a860-d2483a43c070}*SharedItemsImports = 4
		NapChat\NapChat\NapChat.projitems*{2a28ef35-719c-4bc2-a48d-e348b0ec910e}*SharedItemsImports = 4
		NapChat\NapChat\NapChat.projitems*{d39538bc-35cd-4665-ad67-6ed469b72263}*SharedItemsImports = 4
		NapChat\NapChat\NapChat.projitems*{e14edb82-1c35-4cd9-9d0e-f8c505a5f83d}*SharedItemsImports = 13
		NapChat\NapChat\NapChat.projitems*{e361507b-eefb-4a4f-8732-e9f4f0a292bc}*SharedItemsImports = 4
	EndGlobalSection
	GlobalSection(SolutionConfigurationPlatforms) = preSolution
		Ad-Hoc|Any CPU = Ad-Hoc|Any CPU
		Ad-Hoc|ARM = Ad-Hoc|ARM
		Ad-Hoc|iPhone = Ad-Hoc|iPhone
		Ad-Hoc|iPhoneSimulator = Ad-Hoc|iPhoneSimulator
		Ad-Hoc|x64 = Ad-Hoc|x64
		Ad-Hoc|x86 = Ad-Hoc|x86
		AppStore|Any CPU = AppStore|Any CPU
		AppStore|ARM = AppStore|ARM
		AppStore|iPhone = AppStore|iPhone
		AppStore|iPhoneSimulator = AppStore|iPhoneSimulator
		AppStore|x64 = AppStore|x64
		AppStore|x86 = AppStore|x86
		Debug|Any CPU = Debug|Any CPU
		Debug|ARM = Debug|ARM
		Debug|iPhone = Debug|iPhone
		Debug|iPhoneSimulator = Debug|iPhoneSimulator
		Debug|x64 = Debug|x64
		Debug|x86 = Debug|x86
		Release|Any CPU = Release|Any CPU
		Release|ARM = Release|ARM
		Release|iPhone = Release|iPhone
		Release|iPhoneSimulator = Release|iPhoneSimulator
		Release|x64 = Release|x64
		Release|x86 = Release|x86
	EndGlobalSection
	GlobalSection(ProjectConfigurationPlatforms) = postSolution
		{2A28EF35-719C-4BC2-A48D-E348B0EC910E}.Ad-Hoc|Any CPU.ActiveCfg = Release|Any CPU
		{2A28EF35-719C-4BC2-A48D-E348B0EC910E}.Ad-Hoc|Any CPU.Build.0 = Release|Any CPU
		{2A28EF35-719C-4BC2-A48D-E348B0EC910E}.Ad-Hoc|Any CPU.Deploy.0 = Release|Any CPU
		{2A28EF35-719C-4BC2-A48D-E348B0EC910E}.Ad-Hoc|ARM.ActiveCfg = Release|Any CPU
		{2A28EF35-719C-4BC2-A48D-E348B0EC910E}.Ad-Hoc|ARM.Build.0 = Release|Any CPU
		{2A28EF35-719C-4BC2-A48D-E348B0EC910E}.Ad-Hoc|ARM.Deploy.0 = Release|Any CPU
		{2A28EF35-719C-4BC2-A48D-E348B0EC910E}.Ad-Hoc|iPhone.ActiveCfg = Release|Any CPU
		{2A28EF35-719C-4BC2-A48D-E348B0EC910E}.Ad-Hoc|iPhone.Build.0 = Release|Any CPU
		{2A28EF35-719C-4BC2-A48D-E348B0EC910E}.Ad-Hoc|iPhone.Deploy.0 = Release|Any CPU
		{2A28EF35-719C-4BC2-A48D-E348B0EC910E}.Ad-Hoc|iPhoneSimulator.ActiveCfg = Release|Any CPU
		{2A28EF35-719C-4BC2-A48D-E348B0EC910E}.Ad-Hoc|iPhoneSimulator.Build.0 = Release|Any CPU
		{2A28EF35-719C-4BC2-A48D-E348B0EC910E}.Ad-Hoc|iPhoneSimulator.Deploy.0 = Release|Any CPU
		{2A28EF35-719C-4BC2-A48D-E348B0EC910E}.Ad-Hoc|x64.ActiveCfg = Release|Any CPU
		{2A28EF35-719C-4BC2-A48D-E348B0EC910E}.Ad-Hoc|x64.Build.0 = Release|Any CPU
		{2A28EF35-719C-4BC2-A48D-E348B0EC910E}.Ad-Hoc|x64.Deploy.0 = Release|Any CPU
		{2A28EF35-719C-4BC2-A48D-E348B0EC910E}.Ad-Hoc|x86.ActiveCfg = Release|Any CPU
		{2A28EF35-719C-4BC2-A48D-E348B0EC910E}.Ad-Hoc|x86.Build.0 = Release|Any CPU
		{2A28EF35-719C-4BC2-A48D-E348B0EC910E}.Ad-Hoc|x86.Deploy.0 = Release|Any CPU
		{2A28EF35-719C-4BC2-A48D-E348B0EC910E}.AppStore|Any CPU.ActiveCfg = Release|Any CPU
		{2A28EF35-719C-4BC2-A48D-E348B0EC910E}.AppStore|Any CPU.Build.0 = Release|Any CPU
		{2A28EF35-719C-4BC2-A48D-E348B0EC910E}.AppStore|Any CPU.Deploy.0 = Release|Any CPU
		{2A28EF35-719C-4BC2-A48D-E348B0EC910E}.AppStore|ARM.ActiveCfg = Release|Any CPU
		{2A28EF35-719C-4BC2-A48D-E348B0EC910E}.AppStore|ARM.Build.0 = Release|Any CPU
		{2A28EF35-719C-4BC2-A48D-E348B0EC910E}.AppStore|ARM.Deploy.0 = Release|Any CPU
		{2A28EF35-719C-4BC2-A48D-E348B0EC910E}.AppStore|iPhone.ActiveCfg = Release|Any CPU
		{2A28EF35-719C-4BC2-A48D-E348B0EC910E}.AppStore|iPhone.Build.0 = Release|Any CPU
		{2A28EF35-719C-4BC2-A48D-E348B0EC910E}.AppStore|iPhone.Deploy.0 = Release|Any CPU
		{2A28EF35-719C-4BC2-A48D-E348B0EC910E}.AppStore|iPhoneSimulator.ActiveCfg = Release|Any CPU
		{2A28EF35-719C-4BC2-A48D-E348B0EC910E}.AppStore|iPhoneSimulator.Build.0 = Release|Any CPU
		{2A28EF35-719C-4BC2-A48D-E348B0EC910E}.AppStore|iPhoneSimulator.Deploy.0 = Release|Any CPU
		{2A28EF35-719C-4BC2-A48D-E348B0EC910E}.AppStore|x64.ActiveCfg = Release|Any CPU
		{2A28EF35-719C-4BC2-A48D-E348B0EC910E}.AppStore|x64.Build.0 = Release|Any CPU
		{2A28EF35-719C-4BC2-A48D-E348B0EC910E}.AppStore|x64.Deploy.0 = Release|Any CPU
		{2A28EF35-719C-4BC2-A48D-E348B0EC910E}.AppStore|x86.ActiveCfg = Release|Any CPU
		{2A28EF35-719C-4BC2-A48D-E348B0EC910E}.AppStore|x86.Build.0 = Release|Any CPU
		{2A28EF35-719C-4BC2-A48D-E348B0EC910E}.AppStore|x86.Deploy.0 = Release|Any CPU
		{2A28EF35-719C-4BC2-A48D-E348B0EC910E}.Debug|Any CPU.ActiveCfg = Debug|Any CPU
		{2A28EF35-719C-4BC2-A48D-E348B0EC910E}.Debug|Any CPU.Build.0 = Debug|Any CPU
		{2A28EF35-719C-4BC2-A48D-E348B0EC910E}.Debug|Any CPU.Deploy.0 = Debug|Any CPU
		{2A28EF35-719C-4BC2-A48D-E348B0EC910E}.Debug|ARM.ActiveCfg = Debug|Any CPU
		{2A28EF35-719C-4BC2-A48D-E348B0EC910E}.Debug|ARM.Build.0 = Debug|Any CPU
		{2A28EF35-719C-4BC2-A48D-E348B0EC910E}.Debug|ARM.Deploy.0 = Debug|Any CPU
		{2A28EF35-719C-4BC2-A48D-E348B0EC910E}.Debug|iPhone.ActiveCfg = Debug|Any CPU
		{2A28EF35-719C-4BC2-A48D-E348B0EC910E}.Debug|iPhone.Build.0 = Debug|Any CPU
		{2A28EF35-719C-4BC2-A48D-E348B0EC910E}.Debug|iPhone.Deploy.0 = Debug|Any CPU
		{2A28EF35-719C-4BC2-A48D-E348B0EC910E}.Debug|iPhoneSimulator.ActiveCfg = Debug|Any CPU
		{2A28EF35-719C-4BC2-A48D-E348B0EC910E}.Debug|iPhoneSimulator.Build.0 = Debug|Any CPU
		{2A28EF35-719C-4BC2-A48D-E348B0EC910E}.Debug|iPhoneSimulator.Deploy.0 = Debug|Any CPU
		{2A28EF35-719C-4BC2-A48D-E348B0EC910E}.Debug|x64.ActiveCfg = Debug|Any CPU
		{2A28EF35-719C-4BC2-A48D-E348B0EC910E}.Debug|x64.Build.0 = Debug|Any CPU
		{2A28EF35-719C-4BC2-A48D-E348B0EC910E}.Debug|x64.Deploy.0 = Debug|Any CPU
		{2A28EF35-719C-4BC2-A48D-E348B0EC910E}.Debug|x86.ActiveCfg = Debug|Any CPU
		{2A28EF35-719C-4BC2-A48D-E348B0EC910E}.Debug|x86.Build.0 = Debug|Any CPU
		{2A28EF35-719C-4BC2-A48D-E348B0EC910E}.Debug|x86.Deploy.0 = Debug|Any CPU
		{2A28EF35-719C-4BC2-A48D-E348B0EC910E}.Release|Any CPU.ActiveCfg = Release|Any CPU
		{2A28EF35-719C-4BC2-A48D-E348B0EC910E}.Release|Any CPU.Build.0 = Release|Any CPU
		{2A28EF35-719C-4BC2-A48D-E348B0EC910E}.Release|Any CPU.Deploy.0 = Release|Any CPU
		{2A28EF35-719C-4BC2-A48D-E348B0EC910E}.Release|ARM.ActiveCfg = Release|Any CPU
		{2A28EF35-719C-4BC2-A48D-E348B0EC910E}.Release|ARM.Build.0 = Release|Any CPU
		{2A28EF35-719C-4BC2-A48D-E348B0EC910E}.Release|ARM.Deploy.0 = Release|Any CPU
		{2A28EF35-719C-4BC2-A48D-E348B0EC910E}.Release|iPhone.ActiveCfg = Release|Any CPU
		{2A28EF35-719C-4BC2-A48D-E348B0EC910E}.Release|iPhone.Build.0 = Release|Any CPU
		{2A28EF35-719C-4BC2-A48D-E348B0EC910E}.Release|iPhone.Deploy.0 = Release|Any CPU
		{2A28EF35-719C-4BC2-A48D-E348B0EC910E}.Release|iPhoneSimulator.ActiveCfg = Release|Any CPU
		{2A28EF35-719C-4BC2-A48D-E348B0EC910E}.Release|iPhoneSimulator.Build.0 = Release|Any CPU
		{2A28EF35-719C-4BC2-A48D-E348B0EC910E}.Release|iPhoneSimulator.Deploy.0 = Release|Any CPU
		{2A28EF35-719C-4BC2-A48D-E348B0EC910E}.Release|x64.ActiveCfg = Release|Any CPU
		{2A28EF35-719C-4BC2-A48D-E348B0EC910E}.Release|x64.Build.0 = Release|Any CPU
		{2A28EF35-719C-4BC2-A48D-E348B0EC910E}.Release|x64.Deploy.0 = Release|Any CPU
		{2A28EF35-719C-4BC2-A48D-E348B0EC910E}.Release|x86.ActiveCfg = Release|Any CPU
		{2A28EF35-719C-4BC2-A48D-E348B0EC910E}.Release|x86.Build.0 = Release|Any CPU
		{2A28EF35-719C-4BC2-A48D-E348B0EC910E}.Release|x86.Deploy.0 = Release|Any CPU
		{E361507B-EEFB-4A4F-8732-E9F4F0A292BC}.Ad-Hoc|Any CPU.ActiveCfg = Ad-Hoc|iPhone
		{E361507B-EEFB-4A4F-8732-E9F4F0A292BC}.Ad-Hoc|ARM.ActiveCfg = Ad-Hoc|iPhone
		{E361507B-EEFB-4A4F-8732-E9F4F0A292BC}.Ad-Hoc|iPhone.ActiveCfg = Ad-Hoc|iPhone
		{E361507B-EEFB-4A4F-8732-E9F4F0A292BC}.Ad-Hoc|iPhone.Build.0 = Ad-Hoc|iPhone
		{E361507B-EEFB-4A4F-8732-E9F4F0A292BC}.Ad-Hoc|iPhoneSimulator.ActiveCfg = Ad-Hoc|iPhoneSimulator
		{E361507B-EEFB-4A4F-8732-E9F4F0A292BC}.Ad-Hoc|iPhoneSimulator.Build.0 = Ad-Hoc|iPhoneSimulator
		{E361507B-EEFB-4A4F-8732-E9F4F0A292BC}.Ad-Hoc|x64.ActiveCfg = Ad-Hoc|iPhone
		{E361507B-EEFB-4A4F-8732-E9F4F0A292BC}.Ad-Hoc|x86.ActiveCfg = Ad-Hoc|iPhone
		{E361507B-EEFB-4A4F-8732-E9F4F0A292BC}.AppStore|Any CPU.ActiveCfg = AppStore|iPhone
		{E361507B-EEFB-4A4F-8732-E9F4F0A292BC}.AppStore|ARM.ActiveCfg = AppStore|iPhone
		{E361507B-EEFB-4A4F-8732-E9F4F0A292BC}.AppStore|iPhone.ActiveCfg = AppStore|iPhone
		{E361507B-EEFB-4A4F-8732-E9F4F0A292BC}.AppStore|iPhone.Build.0 = AppStore|iPhone
		{E361507B-EEFB-4A4F-8732-E9F4F0A292BC}.AppStore|iPhoneSimulator.ActiveCfg = AppStore|iPhoneSimulator
		{E361507B-EEFB-4A4F-8732-E9F4F0A292BC}.AppStore|iPhoneSimulator.Build.0 = AppStore|iPhoneSimulator
		{E361507B-EEFB-4A4F-8732-E9F4F0A292BC}.AppStore|x64.ActiveCfg = AppStore|iPhone
		{E361507B-EEFB-4A4F-8732-E9F4F0A292BC}.AppStore|x86.ActiveCfg = AppStore|iPhone
		{E361507B-EEFB-4A4F-8732-E9F4F0A292BC}.Debug|Any CPU.ActiveCfg = Debug|iPhone
		{E361507B-EEFB-4A4F-8732-E9F4F0A292BC}.Debug|ARM.ActiveCfg = Debug|iPhone
		{E361507B-EEFB-4A4F-8732-E9F4F0A292BC}.Debug|iPhone.ActiveCfg = Debug|iPhone
		{E361507B-EEFB-4A4F-8732-E9F4F0A292BC}.Debug|iPhone.Build.0 = Debug|iPhone
		{E361507B-EEFB-4A4F-8732-E9F4F0A292BC}.Debug|iPhoneSimulator.ActiveCfg = Debug|iPhoneSimulator
		{E361507B-EEFB-4A4F-8732-E9F4F0A292BC}.Debug|iPhoneSimulator.Build.0 = Debug|iPhoneSimulator
		{E361507B-EEFB-4A4F-8732-E9F4F0A292BC}.Debug|x64.ActiveCfg = Debug|iPhone
		{E361507B-EEFB-4A4F-8732-E9F4F0A292BC}.Debug|x86.ActiveCfg = Debug|iPhone
		{E361507B-EEFB-4A4F-8732-E9F4F0A292BC}.Release|Any CPU.ActiveCfg = Release|iPhone
		{E361507B-EEFB-4A4F-8732-E9F4F0A292BC}.Release|ARM.ActiveCfg = Release|iPhone
		{E361507B-EEFB-4A4F-8732-E9F4F0A292BC}.Release|iPhone.ActiveCfg = Release|iPhone
		{E361507B-EEFB-4A4F-8732-E9F4F0A292BC}.Release|iPhone.Build.0 = Release|iPhone
		{E361507B-EEFB-4A4F-8732-E9F4F0A292BC}.Release|iPhoneSimulator.ActiveCfg = Release|iPhoneSimulator
		{E361507B-EEFB-4A4F-8732-E9F4F0A292BC}.Release|iPhoneSimulator.Build.0 = Release|iPhoneSimulator
		{E361507B-EEFB-4A4F-8732-E9F4F0A292BC}.Release|x64.ActiveCfg = Release|iPhone
		{E361507B-EEFB-4A4F-8732-E9F4F0A292BC}.Release|x86.ActiveCfg = Release|iPhone
		{0739FB4A-CD69-4627-A860-D2483A43C070}.Ad-Hoc|Any CPU.ActiveCfg = Release|Any CPU
		{0739FB4A-CD69-4627-A860-D2483A43C070}.Ad-Hoc|Any CPU.Build.0 = Release|Any CPU
		{0739FB4A-CD69-4627-A860-D2483A43C070}.Ad-Hoc|Any CPU.Deploy.0 = Release|Any CPU
		{0739FB4A-CD69-4627-A860-D2483A43C070}.Ad-Hoc|ARM.ActiveCfg = Release|ARM
		{0739FB4A-CD69-4627-A860-D2483A43C070}.Ad-Hoc|ARM.Build.0 = Release|ARM
		{0739FB4A-CD69-4627-A860-D2483A43C070}.Ad-Hoc|ARM.Deploy.0 = Release|ARM
		{0739FB4A-CD69-4627-A860-D2483A43C070}.Ad-Hoc|iPhone.ActiveCfg = Release|Any CPU
		{0739FB4A-CD69-4627-A860-D2483A43C070}.Ad-Hoc|iPhone.Build.0 = Release|Any CPU
		{0739FB4A-CD69-4627-A860-D2483A43C070}.Ad-Hoc|iPhone.Deploy.0 = Release|Any CPU
		{0739FB4A-CD69-4627-A860-D2483A43C070}.Ad-Hoc|iPhoneSimulator.ActiveCfg = Release|Any CPU
		{0739FB4A-CD69-4627-A860-D2483A43C070}.Ad-Hoc|iPhoneSimulator.Build.0 = Release|Any CPU
		{0739FB4A-CD69-4627-A860-D2483A43C070}.Ad-Hoc|iPhoneSimulator.Deploy.0 = Release|Any CPU
		{0739FB4A-CD69-4627-A860-D2483A43C070}.Ad-Hoc|x64.ActiveCfg = Release|Any CPU
		{0739FB4A-CD69-4627-A860-D2483A43C070}.Ad-Hoc|x64.Build.0 = Release|Any CPU
		{0739FB4A-CD69-4627-A860-D2483A43C070}.Ad-Hoc|x64.Deploy.0 = Release|Any CPU
		{0739FB4A-CD69-4627-A860-D2483A43C070}.Ad-Hoc|x86.ActiveCfg = Release|x86
		{0739FB4A-CD69-4627-A860-D2483A43C070}.Ad-Hoc|x86.Build.0 = Release|x86
		{0739FB4A-CD69-4627-A860-D2483A43C070}.Ad-Hoc|x86.Deploy.0 = Release|x86
		{0739FB4A-CD69-4627-A860-D2483A43C070}.AppStore|Any CPU.ActiveCfg = Release|Any CPU
		{0739FB4A-CD69-4627-A860-D2483A43C070}.AppStore|Any CPU.Build.0 = Release|Any CPU
		{0739FB4A-CD69-4627-A860-D2483A43C070}.AppStore|Any CPU.Deploy.0 = Release|Any CPU
		{0739FB4A-CD69-4627-A860-D2483A43C070}.AppStore|ARM.ActiveCfg = Release|ARM
		{0739FB4A-CD69-4627-A860-D2483A43C070}.AppStore|ARM.Build.0 = Release|ARM
		{0739FB4A-CD69-4627-A860-D2483A43C070}.AppStore|ARM.Deploy.0 = Release|ARM
		{0739FB4A-CD69-4627-A860-D2483A43C070}.AppStore|iPhone.ActiveCfg = Release|Any CPU
		{0739FB4A-CD69-4627-A860-D2483A43C070}.AppStore|iPhone.Build.0 = Release|Any CPU
		{0739FB4A-CD69-4627-A860-D2483A43C070}.AppStore|iPhone.Deploy.0 = Release|Any CPU
		{0739FB4A-CD69-4627-A860-D2483A43C070}.AppStore|iPhoneSimulator.ActiveCfg = Release|Any CPU
		{0739FB4A-CD69-4627-A860-D2483A43C070}.AppStore|iPhoneSimulator.Build.0 = Release|Any CPU
		{0739FB4A-CD69-4627-A860-D2483A43C070}.AppStore|iPhoneSimulator.Deploy.0 = Release|Any CPU
		{0739FB4A-CD69-4627-A860-D2483A43C070}.AppStore|x64.ActiveCfg = Release|Any CPU
		{0739FB4A-CD69-4627-A860-D2483A43C070}.AppStore|x64.Build.0 = Release|Any CPU
		{0739FB4A-CD69-4627-A860-D2483A43C070}.AppStore|x64.Deploy.0 = Release|Any CPU
		{0739FB4A-CD69-4627-A860-D2483A43C070}.AppStore|x86.ActiveCfg = Release|x86
		{0739FB4A-CD69-4627-A860-D2483A43C070}.AppStore|x86.Build.0 = Release|x86
		{0739FB4A-CD69-4627-A860-D2483A43C070}.AppStore|x86.Deploy.0 = Release|x86
		{0739FB4A-CD69-4627-A860-D2483A43C070}.Debug|Any CPU.ActiveCfg = Debug|Any CPU
		{0739FB4A-CD69-4627-A860-D2483A43C070}.Debug|Any CPU.Build.0 = Debug|Any CPU
		{0739FB4A-CD69-4627-A860-D2483A43C070}.Debug|Any CPU.Deploy.0 = Debug|Any CPU
		{0739FB4A-CD69-4627-A860-D2483A43C070}.Debug|ARM.ActiveCfg = Debug|ARM
		{0739FB4A-CD69-4627-A860-D2483A43C070}.Debug|ARM.Build.0 = Debug|ARM
		{0739FB4A-CD69-4627-A860-D2483A43C070}.Debug|ARM.Deploy.0 = Debug|ARM
		{0739FB4A-CD69-4627-A860-D2483A43C070}.Debug|iPhone.ActiveCfg = Debug|Any CPU
		{0739FB4A-CD69-4627-A860-D2483A43C070}.Debug|iPhone.Build.0 = Debug|Any CPU
		{0739FB4A-CD69-4627-A860-D2483A43C070}.Debug|iPhone.Deploy.0 = Debug|Any CPU
		{0739FB4A-CD69-4627-A860-D2483A43C070}.Debug|iPhoneSimulator.ActiveCfg = Debug|Any CPU
		{0739FB4A-CD69-4627-A860-D2483A43C070}.Debug|iPhoneSimulator.Build.0 = Debug|Any CPU
		{0739FB4A-CD69-4627-A860-D2483A43C070}.Debug|iPhoneSimulator.Deploy.0 = Debug|Any CPU
		{0739FB4A-CD69-4627-A860-D2483A43C070}.Debug|x64.ActiveCfg = Debug|Any CPU
		{0739FB4A-CD69-4627-A860-D2483A43C070}.Debug|x64.Build.0 = Debug|Any CPU
		{0739FB4A-CD69-4627-A860-D2483A43C070}.Debug|x64.Deploy.0 = Debug|Any CPU
		{0739FB4A-CD69-4627-A860-D2483A43C070}.Debug|x86.ActiveCfg = Debug|x86
		{0739FB4A-CD69-4627-A860-D2483A43C070}.Debug|x86.Build.0 = Debug|x86
		{0739FB4A-CD69-4627-A860-D2483A43C070}.Debug|x86.Deploy.0 = Debug|x86
		{0739FB4A-CD69-4627-A860-D2483A43C070}.Release|Any CPU.ActiveCfg = Release|Any CPU
		{0739FB4A-CD69-4627-A860-D2483A43C070}.Release|Any CPU.Build.0 = Release|Any CPU
		{0739FB4A-CD69-4627-A860-D2483A43C070}.Release|Any CPU.Deploy.0 = Release|Any CPU
		{0739FB4A-CD69-4627-A860-D2483A43C070}.Release|ARM.ActiveCfg = Release|ARM
		{0739FB4A-CD69-4627-A860-D2483A43C070}.Release|ARM.Build.0 = Release|ARM
		{0739FB4A-CD69-4627-A860-D2483A43C070}.Release|ARM.Deploy.0 = Release|ARM
		{0739FB4A-CD69-4627-A860-D2483A43C070}.Release|iPhone.ActiveCfg = Release|Any CPU
		{0739FB4A-CD69-4627-A860-D2483A43C070}.Release|iPhone.Build.0 = Release|Any CPU
		{0739FB4A-CD69-4627-A860-D2483A43C070}.Release|iPhone.Deploy.0 = Release|Any CPU
		{0739FB4A-CD69-4627-A860-D2483A43C070}.Release|iPhoneSimulator.ActiveCfg = Release|Any CPU
		{0739FB4A-CD69-4627-A860-D2483A43C070}.Release|iPhoneSimulator.Build.0 = Release|Any CPU
		{0739FB4A-CD69-4627-A860-D2483A43C070}.Release|iPhoneSimulator.Deploy.0 = Release|Any CPU
		{0739FB4A-CD69-4627-A860-D2483A43C070}.Release|x64.ActiveCfg = Release|Any CPU
		{0739FB4A-CD69-4627-A860-D2483A43C070}.Release|x64.Build.0 = Release|Any CPU
		{0739FB4A-CD69-4627-A860-D2483A43C070}.Release|x64.Deploy.0 = Release|Any CPU
		{0739FB4A-CD69-4627-A860-D2483A43C070}.Release|x86.ActiveCfg = Release|x86
		{0739FB4A-CD69-4627-A860-D2483A43C070}.Release|x86.Build.0 = Release|x86
		{0739FB4A-CD69-4627-A860-D2483A43C070}.Release|x86.Deploy.0 = Release|x86
		{D39538BC-35CD-4665-AD67-6ED469B72263}.Ad-Hoc|Any CPU.ActiveCfg = Release|Any CPU
		{D39538BC-35CD-4665-AD67-6ED469B72263}.Ad-Hoc|Any CPU.Build.0 = Release|Any CPU
		{D39538BC-35CD-4665-AD67-6ED469B72263}.Ad-Hoc|Any CPU.Deploy.0 = Release|Any CPU
		{D39538BC-35CD-4665-AD67-6ED469B72263}.Ad-Hoc|ARM.ActiveCfg = Release|ARM
		{D39538BC-35CD-4665-AD67-6ED469B72263}.Ad-Hoc|ARM.Build.0 = Release|ARM
		{D39538BC-35CD-4665-AD67-6ED469B72263}.Ad-Hoc|ARM.Deploy.0 = Release|ARM
		{D39538BC-35CD-4665-AD67-6ED469B72263}.Ad-Hoc|iPhone.ActiveCfg = Release|Any CPU
		{D39538BC-35CD-4665-AD67-6ED469B72263}.Ad-Hoc|iPhone.Build.0 = Release|Any CPU
		{D39538BC-35CD-4665-AD67-6ED469B72263}.Ad-Hoc|iPhone.Deploy.0 = Release|Any CPU
		{D39538BC-35CD-4665-AD67-6ED469B72263}.Ad-Hoc|iPhoneSimulator.ActiveCfg = Release|Any CPU
		{D39538BC-35CD-4665-AD67-6ED469B72263}.Ad-Hoc|iPhoneSimulator.Build.0 = Release|Any CPU
		{D39538BC-35CD-4665-AD67-6ED469B72263}.Ad-Hoc|iPhoneSimulator.Deploy.0 = Release|Any CPU
		{D39538BC-35CD-4665-AD67-6ED469B72263}.Ad-Hoc|x64.ActiveCfg = Release|x64
		{D39538BC-35CD-4665-AD67-6ED469B72263}.Ad-Hoc|x64.Build.0 = Release|x64
		{D39538BC-35CD-4665-AD67-6ED469B72263}.Ad-Hoc|x64.Deploy.0 = Release|x64
		{D39538BC-35CD-4665-AD67-6ED469B72263}.Ad-Hoc|x86.ActiveCfg = Release|x86
		{D39538BC-35CD-4665-AD67-6ED469B72263}.Ad-Hoc|x86.Build.0 = Release|x86
		{D39538BC-35CD-4665-AD67-6ED469B72263}.Ad-Hoc|x86.Deploy.0 = Release|x86
		{D39538BC-35CD-4665-AD67-6ED469B72263}.AppStore|Any CPU.ActiveCfg = Release|Any CPU
		{D39538BC-35CD-4665-AD67-6ED469B72263}.AppStore|Any CPU.Build.0 = Release|Any CPU
		{D39538BC-35CD-4665-AD67-6ED469B72263}.AppStore|Any CPU.Deploy.0 = Release|Any CPU
		{D39538BC-35CD-4665-AD67-6ED469B72263}.AppStore|ARM.ActiveCfg = Release|ARM
		{D39538BC-35CD-4665-AD67-6ED469B72263}.AppStore|ARM.Build.0 = Release|ARM
		{D39538BC-35CD-4665-AD67-6ED469B72263}.AppStore|ARM.Deploy.0 = Release|ARM
		{D39538BC-35CD-4665-AD67-6ED469B72263}.AppStore|iPhone.ActiveCfg = Release|Any CPU
		{D39538BC-35CD-4665-AD67-6ED469B72263}.AppStore|iPhone.Build.0 = Release|Any CPU
		{D39538BC-35CD-4665-AD67-6ED469B72263}.AppStore|iPhone.Deploy.0 = Release|Any CPU
		{D39538BC-35CD-4665-AD67-6ED469B72263}.AppStore|iPhoneSimulator.ActiveCfg = Release|Any CPU
		{D39538BC-35CD-4665-AD67-6ED469B72263}.AppStore|iPhoneSimulator.Build.0 = Release|Any CPU
		{D39538BC-35CD-4665-AD67-6ED469B72263}.AppStore|iPhoneSimulator.Deploy.0 = Release|Any CPU
		{D39538BC-35CD-4665-AD67-6ED469B72263}.AppStore|x64.ActiveCfg = Release|x64
		{D39538BC-35CD-4665-AD67-6ED469B72263}.AppStore|x64.Build.0 = Release|x64
		{D39538BC-35CD-4665-AD67-6ED469B72263}.AppStore|x64.Deploy.0 = Release|x64
		{D39538BC-35CD-4665-AD67-6ED469B72263}.AppStore|x86.ActiveCfg = Release|x86
		{D39538BC-35CD-4665-AD67-6ED469B72263}.AppStore|x86.Build.0 = Release|x86
		{D39538BC-35CD-4665-AD67-6ED469B72263}.AppStore|x86.Deploy.0 = Release|x86
		{D39538BC-35CD-4665-AD67-6ED469B72263}.Debug|Any CPU.ActiveCfg = Debug|Any CPU
		{D39538BC-35CD-4665-AD67-6ED469B72263}.Debug|Any CPU.Build.0 = Debug|Any CPU
		{D39538BC-35CD-4665-AD67-6ED469B72263}.Debug|Any CPU.Deploy.0 = Debug|Any CPU
		{D39538BC-35CD-4665-AD67-6ED469B72263}.Debug|ARM.ActiveCfg = Debug|ARM
		{D39538BC-35CD-4665-AD67-6ED469B72263}.Debug|ARM.Build.0 = Debug|ARM
		{D39538BC-35CD-4665-AD67-6ED469B72263}.Debug|ARM.Deploy.0 = Debug|ARM
		{D39538BC-35CD-4665-AD67-6ED469B72263}.Debug|iPhone.ActiveCfg = Debug|Any CPU
		{D39538BC-35CD-4665-AD67-6ED469B72263}.Debug|iPhone.Build.0 = Debug|Any CPU
		{D39538BC-35CD-4665-AD67-6ED469B72263}.Debug|iPhone.Deploy.0 = Debug|Any CPU
		{D39538BC-35CD-4665-AD67-6ED469B72263}.Debug|iPhoneSimulator.ActiveCfg = Debug|Any CPU
		{D39538BC-35CD-4665-AD67-6ED469B72263}.Debug|iPhoneSimulator.Build.0 = Debug|Any CPU
		{D39538BC-35CD-4665-AD67-6ED469B72263}.Debug|iPhoneSimulator.Deploy.0 = Debug|Any CPU
		{D39538BC-35CD-4665-AD67-6ED469B72263}.Debug|x64.ActiveCfg = Debug|x64
		{D39538BC-35CD-4665-AD67-6ED469B72263}.Debug|x64.Build.0 = Debug|x64
		{D39538BC-35CD-4665-AD67-6ED469B72263}.Debug|x64.Deploy.0 = Debug|x64
		{D39538BC-35CD-4665-AD67-6ED469B72263}.Debug|x86.ActiveCfg = Debug|x86
		{D39538BC-35CD-4665-AD67-6ED469B72263}.Debug|x86.Build.0 = Debug|x86
		{D39538BC-35CD-4665-AD67-6ED469B72263}.Debug|x86.Deploy.0 = Debug|x86
		{D39538BC-35CD-4665-AD67-6ED469B72263}.Release|Any CPU.ActiveCfg = Release|Any CPU
		{D39538BC-35CD-4665-AD67-6ED469B72263}.Release|Any CPU.Build.0 = Release|Any CPU
		{D39538BC-35CD-4665-AD67-6ED469B72263}.Release|Any CPU.Deploy.0 = Release|Any CPU
		{D39538BC-35CD-4665-AD67-6ED469B72263}.Release|ARM.ActiveCfg = Release|ARM
		{D39538BC-35CD-4665-AD67-6ED469B72263}.Release|ARM.Build.0 = Release|ARM
		{D39538BC-35CD-4665-AD67-6ED469B72263}.Release|ARM.Deploy.0 = Release|ARM
		{D39538BC-35CD-4665-AD67-6ED469B72263}.Release|iPhone.ActiveCfg = Release|Any CPU
		{D39538BC-35CD-4665-AD67-6ED469B72263}.Release|iPhone.Build.0 = Release|Any CPU
		{D39538BC-35CD-4665-AD67-6ED469B72263}.Release|iPhone.Deploy.0 = Release|Any CPU
		{D39538BC-35CD-4665-AD67-6ED469B72263}.Release|iPhoneSimulator.ActiveCfg = Release|Any CPU
		{D39538BC-35CD-4665-AD67-6ED469B72263}.Release|iPhoneSimulator.Build.0 = Release|Any CPU
		{D39538BC-35CD-4665-AD67-6ED469B72263}.Release|iPhoneSimulator.Deploy.0 = Release|Any CPU
		{D39538BC-35CD-4665-AD67-6ED469B72263}.Release|x64.ActiveCfg = Release|x64
		{D39538BC-35CD-4665-AD67-6ED469B72263}.Release|x64.Build.0 = Release|x64
		{D39538BC-35CD-4665-AD67-6ED469B72263}.Release|x64.Deploy.0 = Release|x64
		{D39538BC-35CD-4665-AD67-6ED469B72263}.Release|x86.ActiveCfg = Release|x86
		{D39538BC-35CD-4665-AD67-6ED469B72263}.Release|x86.Build.0 = Release|x86
		{D39538BC-35CD-4665-AD67-6ED469B72263}.Release|x86.Deploy.0 = Release|x86
	EndGlobalSection
	GlobalSection(SolutionProperties) = preSolution
		HideSolutionNode = FALSE
	EndGlobalSection
EndGlobal
